{
  "object": {
    "pins": [
      {
        "package": "AppsFlyerLib",
        "repositoryURL": "https://github.com/AppsFlyerSDK/AppsFlyerFramework",
        "state": {
          "branch": null,
          "revision": "dde1f5b04105fa9a27b3ac78b2af88d4164755dc",
          "version": "6.4.4"
        }
      }
    ]
  },
  "version": 1
}
